// !$*UTF8*$!
{
	archiveVersion = 1;
	classes = {
	};
	objectVersion = 50;
	objects = {

/* Begin PBXBuildFile section */
		9583046F233A60EA00A08AFB /* AppDelegate.swift in Sources */ = {isa = PBXBuildFile; fileRef = 9583046E233A60EA00A08AFB /* AppDelegate.swift */; };
		95830471233A60EA00A08AFB /* SceneDelegate.swift in Sources */ = {isa = PBXBuildFile; fileRef = 95830470233A60EA00A08AFB /* SceneDelegate.swift */; };
		95830473233A60EA00A08AFB /* ViewController.swift in Sources */ = {isa = PBXBuildFile; fileRef = 95830472233A60EA00A08AFB /* ViewController.swift */; };
		95830476233A60EA00A08AFB /* Main.storyboard in Resources */ = {isa = PBXBuildFile; fileRef = 95830474233A60EA00A08AFB /* Main.storyboard */; };
		95830478233A60EB00A08AFB /* Assets.xcassets in Resources */ = {isa = PBXBuildFile; fileRef = 95830477233A60EB00A08AFB /* Assets.xcassets */; };
		9583047B233A60EB00A08AFB /* LaunchScreen.storyboard in Resources */ = {isa = PBXBuildFile; fileRef = 95830479233A60EB00A08AFB /* LaunchScreen.storyboard */; };
		95830483233A612200A08AFB /* WebSocketProtocol.swift in Sources */ = {isa = PBXBuildFile; fileRef = 95830482233A612200A08AFB /* WebSocketProtocol.swift */; };
/* End PBXBuildFile section */

/* Begin PBXFileReference section */
		9583046B233A60EA00A08AFB /* DojoNetworking.app */ = {isa = PBXFileReference; explicitFileType = wrapper.application; includeInIndex = 0; path = DojoNetworking.app; sourceTree = BUILT_PRODUCTS_DIR; };
		9583046E233A60EA00A08AFB /* AppDelegate.swift */ = {isa = PBXFileReference; lastKnownFileType = sourcecode.swift; path = AppDelegate.swift; sourceTree = "<group>"; };
		95830470233A60EA00A08AFB /* SceneDelegate.swift */ = {isa = PBXFileReference; lastKnownFileType = sourcecode.swift; path = SceneDelegate.swift; sourceTree = "<group>"; };
		95830472233A60EA00A08AFB /* ViewController.swift */ = {isa = PBXFileReference; lastKnownFileType = sourcecode.swift; path = ViewController.swift; sourceTree = "<group>"; };
		95830475233A60EA00A08AFB /* Base */ = {isa = PBXFileReference; lastKnownFileType = file.storyboard; name = Base; path = Base.lproj/Main.storyboard; sourceTree = "<group>"; };
		95830477233A60EB00A08AFB /* Assets.xcassets */ = {isa = PBXFileReference; lastKnownFileType = folder.assetcatalog; path = Assets.xcassets; sourceTree = "<group>"; };
		9583047A233A60EB00A08AFB /* Base */ = {isa = PBXFileReference; lastKnownFileType = file.storyboard; name = Base; path = Base.lproj/LaunchScreen.storyboard; sourceTree = "<group>"; };
		9583047C233A60EB00A08AFB /* Info.plist */ = {isa = PBXFileReference; lastKnownFileType = text.plist.xml; path = Info.plist; sourceTree = "<group>"; };
		95830482233A612200A08AFB /* WebSocketProtocol.swift */ = {isa = PBXFileReference; lastKnownFileType = sourcecode.swift; path = WebSocketProtocol.swift; sourceTree = "<group>"; };
/* End PBXFileReference section */

/* Begin PBXFrameworksBuildPhase section */
		95830468233A60EA00A08AFB /* Frameworks */ = {
			isa = PBXFrameworksBuildPhase;
			buildActionMask = 2147483647;
			files = (
			);
			runOnlyForDeploymentPostprocessing = 0;
		};
/* End PBXFrameworksBuildPhase section */

/* Begin PBXGroup section */
		95830462233A60EA00A08AFB = {
			isa = PBXGroup;
			children = (
				9583046D233A60EA00A08AFB /* DojoNetworking */,
				9583046C233A60EA00A08AFB /* Products */,
			);
			sourceTree = "<group>";
		};
		9583046C233A60EA00A08AFB /* Products */ = {
			isa = PBXGroup;
			children = (
				9583046B233A60EA00A08AFB /* DojoNetworking.app */,
			);
			name = Products;
			sourceTree = "<group>";
		};
		9583046D233A60EA00A08AFB /* DojoNetworking */ = {
			isa = PBXGroup;
			children = (
				9583046E233A60EA00A08AFB /* AppDelegate.swift */,
				95830470233A60EA00A08AFB /* SceneDelegate.swift */,
				95830472233A60EA00A08AFB /* ViewController.swift */,
				95830474233A60EA00A08AFB /* Main.storyboard */,
				95830477233A60EB00A08AFB /* Assets.xcassets */,
				95830479233A60EB00A08AFB /* LaunchScreen.storyboard */,
				9583047C233A60EB00A08AFB /* Info.plist */,
				95830482233A612200A08AFB /* WebSocketProtocol.swift */,
			);
			path = DojoNetworking;
			sourceTree = "<group>";
		};
/* End PBXGroup section */

/* Begin PBXNativeTarget section */
		9583046A233A60EA00A08AFB /* DojoNetworking */ = {
			isa = PBXNativeTarget;
			buildConfigurationList = 9583047F233A60EB00A08AFB /* Build configuration list for PBXNativeTarget "DojoNetworking" */;
			buildPhases = (
				95830467233A60EA00A08AFB /* Sources */,
				95830468233A60EA00A08AFB /* Frameworks */,
				95830469233A60EA00A08AFB /* Resources */,
			);
			buildRules = (
			);
			dependencies = (
			);
			name = DojoNetworking;
			productName = DojoNetworking;
			productReference = 9583046B233A60EA00A08AFB /* DojoNetworking.app */;
			productType = "com.apple.product-type.application";
		};
/* End PBXNativeTarget section */

/* Begin PBXProject section */
		95830463233A60EA00A08AFB /* Project object */ = {
			isa = PBXProject;
			attributes = {
				LastSwiftUpdateCheck = 1100;
				LastUpgradeCheck = 1100;
				ORGANIZATIONNAME = "Leandro Luquetti";
				TargetAttributes = {
					9583046A233A60EA00A08AFB = {
						CreatedOnToolsVersion = 11.0;
					};
				};
			};
			buildConfigurationList = 95830466233A60EA00A08AFB /* Build configuration list for PBXProject "DojoNetworking" */;
			compatibilityVersion = "Xcode 9.3";
			developmentRegion = en;
			hasScannedForEncodings = 0;
			knownRegions = (
				en,
				Base,
			);
			mainGroup = 95830462233A60EA00A08AFB;
			productRefGroup = 9583046C233A60EA00A08AFB /* Products */;
			projectDirPath = "";
			projectRoot = "";
			targets = (
				9583046A233A60EA00A08AFB /* DojoNetworking */,
			);
		};
/* End PBXProject section */

/* Begin PBXResourcesBuildPhase section */
		95830469233A60EA00A08AFB /* Resources */ = {
			isa = PBXResourcesBuildPhase;
			buildActionMask = 2147483647;
			files = (
				9583047B233A60EB00A08AFB /* LaunchScreen.storyboard in Resources */,
				95830478233A60EB00A08AFB /* Assets.xcassets in Resources */,
				95830476233A60EA00A08AFB /* Main.storyboard in Resources */,
			);
			runOnlyForDeploymentPostprocessing = 0;
		};
/* End PBXResourcesBuildPhase section */

/* Begin PBXSourcesBuildPhase section */
		95830467233A60EA00A08AFB /* Sources */ = {
			isa = PBXSourcesBuildPhase;
			buildActionMask = 2147483647;
			files = (
				95830473233A60EA00A08AFB /* ViewController.swift in Sources */,
				9583046F233A60EA00A08AFB /* AppDelegate.swift in Sources */,
				95830471233A60EA00A08AFB /* SceneDelegate.swift in Sources */,
				95830483233A612200A08AFB /* WebSocketProtocol.swift in Sources */,
			);
			runOnlyForDeploymentPostprocessing = 0;
		};
/* End PBXSourcesBuildPhase section */

/* Begin PBXVariantGroup section */
		95830474233A60EA00A08AFB /* Main.storyboard */ = {
			isa = PBXVariantGroup;
			children = (
				95830475233A60EA00A08AFB /* Base */,
			);
			name = Main.storyboard;
			sourceTree = "<group>";
		};
		95830479233A60EB00A08AFB /* LaunchScreen.storyboard */ = {
			isa = PBXVariantGroup;
			children = (
				9583047A233A60EB00A08AFB /* Base */,
			);
			name = LaunchScreen.storyboard;
			sourceTree = "<group>";
		};
/* End PBXVariantGroup section */

/* Begin XCBuildConfiguration section */
		9583047D233A60EB00A08AFB /* Debug */ = {
			isa = XCBuildConfiguration;
			buildSettings = {
				ALWAYS_SEARCH_USER_PATHS = NO;
				CLANG_ANALYZER_NONNULL = YES;
				CLANG_ANALYZER_NUMBER_OBJECT_CONVERSION = YES_AGGRESSIVE;
				CLANG_CXX_LANGUAGE_STANDARD = "gnu++14";
				CLANG_CXX_LIBRARY = "libc++";
				CLANG_ENABLE_MODULES = YES;
				CLANG_ENABLE_OBJC_ARC = YES;
				CLANG_ENABLE_OBJC_WEAK = YES;
				CLANG_WARN_BLOCK_CAPTURE_AUTORELEASING = YES;
				CLANG_WARN_BOOL_CONVERSION = YES;
				CLANG_WARN_COMMA = YES;
				CLANG_WARN_CONSTANT_CONVERSION = YES;
				CLANG_WARN_DEPRECATED_OBJC_IMPLEMENTATIONS = YES;
				CLANG_WARN_DIRECT_OBJC_ISA_USAGE = YES_ERROR;
				CLANG_WARN_DOCUMENTATION_COMMENTS = YES;
				CLANG_WARN_EMPTY_BODY = YES;
				CLANG_WARN_ENUM_CONVERSION = YES;
				CLANG_WARN_INFINITE_RECURSION = YES;
				CLANG_WARN_INT_CONVERSION = YES;
				CLANG_WARN_NON_LITERAL_NULL_CONVERSION = YES;
				CLANG_WARN_OBJC_IMPLICIT_RETAIN_SELF = YES;
				CLANG_WARN_OBJC_LITERAL_CONVERSION = YES;
				CLANG_WARN_OBJC_ROOT_CLASS = YES_ERROR;
				CLANG_WARN_RANGE_LOOP_ANALYSIS = YES;
				CLANG_WARN_STRICT_PROTOTYPES = YES;
				CLANG_WARN_SUSPICIOUS_MOVE = YES;
				CLANG_WARN_UNGUARDED_AVAILABILITY = YES_AGGRESSIVE;
				CLANG_WARN_UNREACHABLE_CODE = YES;
				CLANG_WARN__DUPLICATE_METHOD_MATCH = YES;
				COPY_PHASE_STRIP = NO;
				DEBUG_INFORMATION_FORMAT = dwarf;
				ENABLE_STRICT_OBJC_MSGSEND = YES;
				ENABLE_TESTABILITY = YES;
				GCC_C_LANGUAGE_STANDARD = gnu11;
				GCC_DYNAMIC_NO_PIC = NO;
				GCC_NO_COMMON_BLOCKS = YES;
				GCC_OPTIMIZATION_LEVEL = 0;
				GCC_PREPROCESSOR_DEFINITIONS = (
					"DEBUG=1",
					"$(inherited)",
				);
				GCC_WARN_64_TO_32_BIT_CONVERSION = YES;
				GCC_WARN_ABOUT_RETURN_TYPE = YES_ERROR;
				GCC_WARN_UNDECLARED_SELECTOR = YES;
				GCC_WARN_UNINITIALIZED_AUTOS = YES_AGGRESSIVE;
				GCC_WARN_UNUSED_FUNCTION = YES;
				GCC_WARN_UNUSED_VARIABLE = YES;
				IPHONEOS_DEPLOYMENT_TARGET = 13.0;
				MTL_ENABLE_DEBUG_INFO = INCLUDE_SOURCE;
				MTL_FAST_MATH = YES;
				ONLY_ACTIVE_ARCH = YES;
				SDKROOT = iphoneos;
				SWIFT_ACTIVE_COMPILATION_CONDITIONS = DEBUG;
				SWIFT_OPTIMIZATION_LEVEL = "-Onone";
			};
			name = Debug;
		};
		9583047E233A60EB00A08AFB /* Release */ = {
			isa = XCBuildConfiguration;
			buildSettings = {
				ALWAYS_SEARCH_USER_PATHS = NO;
				CLANG_ANALYZER_NONNULL = YES;
				CLANG_ANALYZER_NUMBER_OBJECT_CONVERSION = YES_AGGRESSIVE;
				CLANG_CXX_LANGUAGE_STANDARD = "gnu++14";
				CLANG_CXX_LIBRARY = "libc++";
				CLANG_ENABLE_MODULES = YES;
				CLANG_ENABLE_OBJC_ARC = YES;
				CLANG_ENABLE_OBJC_WEAK = YES;
				CLANG_WARN_BLOCK_CAPTURE_AUTORELEASING = YES;
				CLANG_WARN_BOOL_CONVERSION = YES;
				CLANG_WARN_COMMA = YES;
				CLANG_WARN_CONSTANT_CONVERSION = YES;
				CLANG_WARN_DEPRECATED_OBJC_IMPLEMENTATIONS = YES;
				CLANG_WARN_DIRECT_OBJC_ISA_USAGE = YES_ERROR;
				CLANG_WARN_DOCUMENTATION_COMMENTS = YES;
				CLANG_WARN_EMPTY_BODY = YES;
				CLANG_WARN_ENUM_CONVERSION = YES;
				CLANG_WARN_INFINITE_RECURSION = YES;
				CLANG_WARN_INT_CONVERSION = YES;
				CLANG_WARN_NON_LITERAL_NULL_CONVERSION = YES;
				CLANG_WARN_OBJC_IMPLICIT_RETAIN_SELF = YES;
				CLANG_WARN_OBJC_LITERAL_CONVERSION = YES;
				CLANG_WARN_OBJC_ROOT_CLASS = YES_ERROR;
				CLANG_WARN_RANGE_LOOP_ANALYSIS = YES;
				CLANG_WARN_STRICT_PROTOTYPES = YES;
				CLANG_WARN_SUSPICIOUS_MOVE = YES;
				CLANG_WARN_UNGUARDED_AVAILABILITY = YES_AGGRESSIVE;
				CLANG_WARN_UNREACHABLE_CODE = YES;
				CLANG_WARN__DUPLICATE_METHOD_MATCH = YES;
				COPY_PHASE_STRIP = NO;
				DEBUG_INFORMATION_FORMAT = "dwarf-with-dsym";
				ENABLE_NS_ASSERTIONS = NO;
				ENABLE_STRICT_OBJC_MSGSEND = YES;
				GCC_C_LANGUAGE_STANDARD = gnu11;
				GCC_NO_COMMON_BLOCKS = YES;
				GCC_WARN_64_TO_32_BIT_CONVERSION = YES;
				GCC_WARN_ABOUT_RETURN_TYPE = YES_ERROR;
				GCC_WARN_UNDECLARED_SELECTOR = YES;
				GCC_WARN_UNINITIALIZED_AUTOS = YES_AGGRESSIVE;
				GCC_WARN_UNUSED_FUNCTION = YES;
				GCC_WARN_UNUSED_VARIABLE = YES;
				IPHONEOS_DEPLOYMENT_TARGET = 13.0;
				MTL_ENABLE_DEBUG_INFO = NO;
				MTL_FAST_MATH = YES;
				SDKROOT = iphoneos;
				SWIFT_COMPILATION_MODE = wholemodule;
				SWIFT_OPTIMIZATION_LEVEL = "-O";
				VALIDATE_PRODUCT = YES;
			};
			name = Release;
		};
		95830480233A60EB00A08AFB /* Debug */ = {
			isa = XCBuildConfiguration;
			buildSettings = {
				ASSETCATALOG_COMPILER_APPICON_NAME = AppIcon;
				CODE_SIGN_STYLE = Automatic;
				INFOPLIST_FILE = DojoNetworking/Info.plist;
				LD_RUNPATH_SEARCH_PATHS = (
					"$(inherited)",
					"@executable_path/Frameworks",
				);
				PRODUCT_BUNDLE_IDENTIFIER = llbs.DojoNetworking;
				PRODUCT_NAME = "$(TARGET_NAME)";
				SWIFT_VERSION = 5.0;
				TARGETED_DEVICE_FAMILY = "1,2";
			};
			name = Debug;
		};
		95830481233A60EB00A08AFB /* Release */ = {
			isa = XCBuildConfiguration;
			buildSettings = {
				ASSETCATALOG_COMPILER_APPICON_NAME = AppIcon;
				CODE_SIGN_STYLE = Automatic;
				INFOPLIST_FILE = DojoNetworking/Info.plist;
				LD_RUNPATH_SEARCH_PATHS = (
					"$(inherited)",
					"@executable_path/Frameworks",
				);
				PRODUCT_BUNDLE_IDENTIFIER = llbs.DojoNetworking;
				PRODUCT_NAME = "$(TARGET_NAME)";
				SWIFT_VERSION = 5.0;
				TARGETED_DEVICE_FAMILY = "1,2";
			};
			name = Release;
		};
/* End XCBuildConfiguration section */

/* Begin XCConfigurationList section */
		95830466233A60EA00A08AFB /* Build configuration list for PBXProject "DojoNetworking" */ = {
			isa = XCConfigurationList;
			buildConfigurations = (
				9583047D233A60EB00A08AFB /* Debug */,
				9583047E233A60EB00A08AFB /* Release */,
			);
			defaultConfigurationIsVisible = 0;
			defaultConfigurationName = Release;
		};
		9583047F233A60EB00A08AFB /* Build configuration list for PBXNativeTarget "DojoNetworking" */ = {
			isa = XCConfigurationList;
			buildConfigurations = (
				95830480233A60EB00A08AFB /* Debug */,
				95830481233A60EB00A08AFB /* Release */,
			);
			defaultConfigurationIsVisible = 0;
			defaultConfigurationName = Release;
		};
/* End XCConfigurationList section */
	};
	rootObject = 95830463233A60EA00A08AFB /* Project object */;
}
